
Microsoft Visual Studio Solution File, Format Version 12.00
# Visual Studio Version 17
VisualStudioVersion = 17.6.33723.286
MinimumVisualStudioVersion = 10.0.40219.1
Project("{FAE04EC0-301F-11D3-BF4B-00C04F79EFBC}") = "SuperElectrolyzer", "SuperElectrolyzer.csproj", "{8D13ABB9-7FA8-4D08-9EF1-A0F9D23CCFA1}"
EndProject
Global
	GlobalSection(SolutionConfigurationPlatforms) = preSolution
		Debug|Any CPU = Debug|Any CPU
		Release|Any CPU = Release|Any CPU
	EndGlobalSection
	GlobalSection(ProjectConfigurationPlatforms) = postSolution
		{8D13ABB9-7FA8-4D08-9EF1-A0F9D23CCFA1}.Debug|Any CPU.ActiveCfg = Debug|Any CPU
		{8D13ABB9-7FA8-4D08-9EF1-A0F9D23CCFA1}.Debug|Any CPU.Build.0 = Debug|Any CPU
		{8D13ABB9-7FA8-4D08-9EF1-A0F9D23CCFA1}.Release|Any CPU.ActiveCfg = Release|Any CPU
		{8D13ABB9-7FA8-4D08-9EF1-A0F9D23CCFA1}.Release|Any CPU.Build.0 = Release|Any CPU
	EndGlobalSection
	GlobalSection(SolutionProperties) = preSolution
		HideSolutionNode = FALSE
	EndGlobalSection
	GlobalSection(ExtensibilityGlobals) = postSolution
		SolutionGuid = {3BEA65E0-762C-4A45-9ED2-B1DF8FE4FE7E}
	EndGlobalSection
EndGlobal
